
Microsoft Visual Studio Solution File, Format Version 12.00
# Visual Studio 15
VisualStudioVersion = 15.0.27703.2026
MinimumVisualStudioVersion = 10.0.40219.1
Project("{8BC9CEB8-8B4A-11D0-8D11-00A0C91BC942}") = "win32_debugonly", "prj\win32_debugonly\win32_debugonly.vcxproj", "{893BC5EC-C91A-44E2-A901-CBDA63DC4818}"
EndProject
Project("{8BC9CEB8-8B4A-11D0-8D11-00A0C91BC942}") = "testsuite", "prj\testsuite\testsuite.vcxproj", "{3C0A236B-276E-4059-9262-B476B94D11CE}"
EndProject
Global
	GlobalSection(SolutionConfigurationPlatforms) = preSolution
		Debug|ORBIS = Debug|ORBIS
		Debug|x64 = Debug|x64
		Debug|x86 = Debug|x86
		Release|ORBIS = Release|ORBIS
		Release|x64 = Release|x64
		Release|x86 = Release|x86
	EndGlobalSection
	GlobalSection(ProjectConfigurationPlatforms) = postSolution
		{893BC5EC-C91A-44E2-A901-CBDA63DC4818}.Debug|ORBIS.ActiveCfg = Debug|Win32
		{893BC5EC-C91A-44E2-A901-CBDA63DC4818}.Debug|x64.ActiveCfg = Debug|x64
		{893BC5EC-C91A-44E2-A901-CBDA63DC4818}.Debug|x86.ActiveCfg = Debug|Win32
		{893BC5EC-C91A-44E2-A901-CBDA63DC4818}.Debug|x86.Build.0 = Debug|Win32
		{893BC5EC-C91A-44E2-A901-CBDA63DC4818}.Release|ORBIS.ActiveCfg = Release|Win32
		{893BC5EC-C91A-44E2-A901-CBDA63DC4818}.Release|x64.ActiveCfg = Release|x64
		{893BC5EC-C91A-44E2-A901-CBDA63DC4818}.Release|x86.ActiveCfg = Release|Win32
		{893BC5EC-C91A-44E2-A901-CBDA63DC4818}.Release|x86.Build.0 = Release|Win32
		{3C0A236B-276E-4059-9262-B476B94D11CE}.Debug|ORBIS.ActiveCfg = Debug|Win32
		{3C0A236B-276E-4059-9262-B476B94D11CE}.Debug|x64.ActiveCfg = Debug|x64
		{3C0A236B-276E-4059-9262-B476B94D11CE}.Debug|x64.Build.0 = Debug|x64
		{3C0A236B-276E-4059-9262-B476B94D11CE}.Debug|x86.ActiveCfg = Debug|Win32
		{3C0A236B-276E-4059-9262-B476B94D11CE}.Debug|x86.Build.0 = Debug|Win32
		{3C0A236B-276E-4059-9262-B476B94D11CE}.Release|ORBIS.ActiveCfg = Release|Win32
		{3C0A236B-276E-4059-9262-B476B94D11CE}.Release|x64.ActiveCfg = Release|x64
		{3C0A236B-276E-4059-9262-B476B94D11CE}.Release|x64.Build.0 = Release|x64
		{3C0A236B-276E-4059-9262-B476B94D11CE}.Release|x86.ActiveCfg = Release|Win32
		{3C0A236B-276E-4059-9262-B476B94D11CE}.Release|x86.Build.0 = Release|Win32
	EndGlobalSection
	GlobalSection(SolutionProperties) = preSolution
		HideSolutionNode = FALSE
	EndGlobalSection
	GlobalSection(ExtensibilityGlobals) = postSolution
		SolutionGuid = {0672AE5C-BDDA-4883-9EB9-1504EC05DE19}
	EndGlobalSection
EndGlobal
